
Microsoft Visual Studio Solution File, Format Version 12.00
# Visual Studio 15
VisualStudioVersion = 15.0.28010.2036
MinimumVisualStudioVersion = 10.0.40219.1
Project("{FAE04EC0-301F-11D3-BF4B-00C04F79EFBC}") = "JenkinsTestProjectCoreConsoleApp", "JenkinsTestProjectCoreConsoleApp\JenkinsTestProjectCoreConsoleApp.csproj", "{20792E74-98B8-4D73-B77F-6E80E264A7B3}"
EndProject
Project("{FAE04EC0-301F-11D3-BF4B-00C04F79EFBC}") = "UnitTestProjectDotNetCore", "UnitTestProjectDotNetCore\UnitTestProjectDotNetCore.csproj", "{A545697C-5E79-458D-96CB-A5C1838AB4B7}"
EndProject
Global
	GlobalSection(SolutionConfigurationPlatforms) = preSolution
		Debug|Any CPU = Debug|Any CPU
		Release|Any CPU = Release|Any CPU
	EndGlobalSection
	GlobalSection(ProjectConfigurationPlatforms) = postSolution
		{20792E74-98B8-4D73-B77F-6E80E264A7B3}.Debug|Any CPU.ActiveCfg = Debug|Any CPU
		{20792E74-98B8-4D73-B77F-6E80E264A7B3}.Debug|Any CPU.Build.0 = Debug|Any CPU
		{20792E74-98B8-4D73-B77F-6E80E264A7B3}.Release|Any CPU.ActiveCfg = Release|Any CPU
		{20792E74-98B8-4D73-B77F-6E80E264A7B3}.Release|Any CPU.Build.0 = Release|Any CPU
		{A545697C-5E79-458D-96CB-A5C1838AB4B7}.Debug|Any CPU.ActiveCfg = Debug|Any CPU
		{A545697C-5E79-458D-96CB-A5C1838AB4B7}.Debug|Any CPU.Build.0 = Debug|Any CPU
		{A545697C-5E79-458D-96CB-A5C1838AB4B7}.Release|Any CPU.ActiveCfg = Release|Any CPU
		{A545697C-5E79-458D-96CB-A5C1838AB4B7}.Release|Any CPU.Build.0 = Release|Any CPU
	EndGlobalSection
	GlobalSection(SolutionProperties) = preSolution
		HideSolutionNode = FALSE
	EndGlobalSection
	GlobalSection(ExtensibilityGlobals) = postSolution
		SolutionGuid = {E00CF255-778D-4636-AFA8-4C82D0D7BE5B}
	EndGlobalSection
EndGlobal
